{
    "version": 3,
    "terraform_version": "0.9.6",
    "serial": 15,
    "lineage": "f4179038-b465-4a81-a73d-3d124539a073",
    "modules": [
        {
            "path": [
                "root"
            ],
            "outputs": {
                "webip": {
                    "sensitive": false,
                    "type": "string",
                    "value": "192.241.207.159"
                }
            },
            "resources": {
                "digitalocean_domain.tmye-me": {
                    "type": "digitalocean_domain",
                    "depends_on": [
                        "digitalocean_droplet.web"
                    ],
                    "primary": {
                        "id": "tmye.me",
                        "attributes": {
                            "id": "tmye.me",
                            "ip_address": "192.241.207.159",
                            "name": "tmye.me"
                        },
                        "meta": {},
                        "tainted": false
                    },
                    "deposed": [],
                    "provider": ""
                },
                "digitalocean_droplet.web": {
                    "type": "digitalocean_droplet",
                    "depends_on": [
                        "digitalocean_ssh_key.terraform"
                    ],
                    "primary": {
                        "id": "53360788",
                        "attributes": {
                            "disk": "20",
                            "id": "53360788",
                            "image": "ubuntu-16-04-x64",
                            "ipv4_address": "192.241.207.159",
                            "locked": "false",
                            "name": "web",
                            "price_hourly": "0.00744",
                            "price_monthly": "5",
                            "region": "sfo1",
                            "resize_disk": "true",
                            "size": "512mb",
                            "ssh_keys.#": "1",
                            "ssh_keys.0": "10410933",
                            "status": "active",
                            "tags.#": "0",
                            "vcpus": "1"
                        },
                        "meta": {},
                        "tainted": false
                    },
                    "deposed": [],
                    "provider": ""
                },
                "digitalocean_ssh_key.terraform": {
                    "type": "digitalocean_ssh_key",
                    "depends_on": [],
                    "primary": {
                        "id": "10410933",
                        "attributes": {
                            "fingerprint": "bb:61:e8:53:fb:51:82:2f:ee:ed:cf:f1:6a:fc:38:02",
                            "id": "10410933",
                            "name": "Terraform",
                            "public_key": "ssh-rsa AAAAB3NzaC1yc2EAAAADAQABAAACAQCgqGxtHsN7VXv32v3L8KMzd7p7G9MlGpdHcqZSIi7ZzHU7Tq18NSNzpcbCWwsbNr0HtGucjIjOR0SmLkY9lKY0h+rf7T/3PJ4D89cF4bQ3r+SjoVjQSndp6TKJY7LQVCmn7vDSeRVfBDjoS4jhWJjo2aN0CRH4J6ssmUWnSDViA1/ZGArSL9PMbK7ENb5cfJA5vI4PAYh8rNG5ie+dmxbpqIKyS6Qp/pzDijG691SB3mcgoGybvRytne/LiZdBaGttgDqx0nKtp6j1EXO2k5qaY8p5/heg5yYswXoxGO1PH85rG6mPUc/xj6waJ0FcfXn6MrBuQxGxroR+ZsWIgDd1o1LL2E0BIrK7v0xI/i9xgPR48tkh1iCJpR59vkjeMdVnGiGA/BbgSSMSDs7rJcWKK6HWqW5NLPMleXmqQuIJPCPrQmQ5xgfU0zdw8mpQr74ellJdAZMCWNQvFvD1sZ9CLemd/VXG1HJyNBJzSdUETTzjk795AOyYQBmcAfIGtin/2U27WF6KH/uYH6ySf6gFHqpOks2n9alq6rypQG7U5CY1he6gDyubboEJLDJkByUk/XvU2fIh2mOcP0k5ogtwXxMwTInjiY0wDrH8Q3a1cMZl9eIVajvLYswM/utfulhPaiuuPO5QA+BDFhYakCSsFGOjDUA4mXiIURpIakaNJw== timmyers09@gmail.com"
                        },
                        "meta": {},
                        "tainted": false
                    },
                    "deposed": [],
                    "provider": ""
                }
            },
            "depends_on": []
        }
    ]
}
